
Microsoft Visual Studio Solution File, Format Version 12.00
# Visual Studio Version 17
VisualStudioVersion = 17.8.34219.65
MinimumVisualStudioVersion = 10.0.40219.1
Project("{2150E333-8FDC-42A3-9474-1A3956D46DE8}") = "1.Core", "1.Core", "{781949E0-BEBC-4075-8729-3AF2DD029EB5}"
EndProject
Project("{9A19103F-16F7-4668-BE54-9A1E7A4F7556}") = "CustomerService.Core.ApplicationService", "1.Core\CustomerService.Core.ApplicationService\CustomerService.Core.ApplicationService.csproj", "{665EC6DA-483E-4DAA-B279-48415B5102B0}"
EndProject
Project("{9A19103F-16F7-4668-BE54-9A1E7A4F7556}") = "CustomerService.Core.Domain", "1.Core\CustomerService.Core.Domain\CustomerService.Core.Domain.csproj", "{C22EDB8A-3E2A-4E87-BB41-4887C8B15C74}"
EndProject
Project("{2150E333-8FDC-42A3-9474-1A3956D46DE8}") = "2.Infra", "2.Infra", "{80D58754-495B-4E53-93E2-0EEC0C37BA7C}"
EndProject
Project("{9A19103F-16F7-4668-BE54-9A1E7A4F7556}") = "CustomerService.Infra.Sql", "2.Infra\CustomerService.Infra.Sql\CustomerService.Infra.Sql.csproj", "{EC29FBC0-E56B-474F-9E40-FD66296C7CAE}"
EndProject
Project("{2150E333-8FDC-42A3-9474-1A3956D46DE8}") = "3.Endpoints", "3.Endpoints", "{45BCEA2A-3750-453C-BD82-AD467D3399BD}"
EndProject
Project("{9A19103F-16F7-4668-BE54-9A1E7A4F7556}") = "CustomerService.Endpoints.Api", "3.Endpoints\CustomerService.Endpoints.Api\CustomerService.Endpoints.Api.csproj", "{5B6B84F7-563A-46E3-BC3E-58F06CF3335F}"
EndProject
Project("{2150E333-8FDC-42A3-9474-1A3956D46DE8}") = "0.Framwork", "0.Framwork", "{1BA2DD3D-A5AE-45B6-8EBF-909227022152}"
EndProject
Project("{FAE04EC0-301F-11D3-BF4B-00C04F79EFBC}") = "CustomerService.Framwork", "0.Framwork\CustomerService.Framwork\CustomerService.Framwork.csproj", "{9370906B-ECA1-47CD-B33A-3AF8897654D2}"
EndProject
Global
	GlobalSection(SolutionConfigurationPlatforms) = preSolution
		Debug|Any CPU = Debug|Any CPU
		Release|Any CPU = Release|Any CPU
	EndGlobalSection
	GlobalSection(ProjectConfigurationPlatforms) = postSolution
		{665EC6DA-483E-4DAA-B279-48415B5102B0}.Debug|Any CPU.ActiveCfg = Debug|Any CPU
		{665EC6DA-483E-4DAA-B279-48415B5102B0}.Debug|Any CPU.Build.0 = Debug|Any CPU
		{665EC6DA-483E-4DAA-B279-48415B5102B0}.Release|Any CPU.ActiveCfg = Release|Any CPU
		{665EC6DA-483E-4DAA-B279-48415B5102B0}.Release|Any CPU.Build.0 = Release|Any CPU
		{C22EDB8A-3E2A-4E87-BB41-4887C8B15C74}.Debug|Any CPU.ActiveCfg = Debug|Any CPU
		{C22EDB8A-3E2A-4E87-BB41-4887C8B15C74}.Debug|Any CPU.Build.0 = Debug|Any CPU
		{C22EDB8A-3E2A-4E87-BB41-4887C8B15C74}.Release|Any CPU.ActiveCfg = Release|Any CPU
		{C22EDB8A-3E2A-4E87-BB41-4887C8B15C74}.Release|Any CPU.Build.0 = Release|Any CPU
		{EC29FBC0-E56B-474F-9E40-FD66296C7CAE}.Debug|Any CPU.ActiveCfg = Debug|Any CPU
		{EC29FBC0-E56B-474F-9E40-FD66296C7CAE}.Debug|Any CPU.Build.0 = Debug|Any CPU
		{EC29FBC0-E56B-474F-9E40-FD66296C7CAE}.Release|Any CPU.ActiveCfg = Release|Any CPU
		{EC29FBC0-E56B-474F-9E40-FD66296C7CAE}.Release|Any CPU.Build.0 = Release|Any CPU
		{5B6B84F7-563A-46E3-BC3E-58F06CF3335F}.Debug|Any CPU.ActiveCfg = Debug|Any CPU
		{5B6B84F7-563A-46E3-BC3E-58F06CF3335F}.Debug|Any CPU.Build.0 = Debug|Any CPU
		{5B6B84F7-563A-46E3-BC3E-58F06CF3335F}.Release|Any CPU.ActiveCfg = Release|Any CPU
		{5B6B84F7-563A-46E3-BC3E-58F06CF3335F}.Release|Any CPU.Build.0 = Release|Any CPU
		{9370906B-ECA1-47CD-B33A-3AF8897654D2}.Debug|Any CPU.ActiveCfg = Debug|Any CPU
		{9370906B-ECA1-47CD-B33A-3AF8897654D2}.Debug|Any CPU.Build.0 = Debug|Any CPU
		{9370906B-ECA1-47CD-B33A-3AF8897654D2}.Release|Any CPU.ActiveCfg = Release|Any CPU
		{9370906B-ECA1-47CD-B33A-3AF8897654D2}.Release|Any CPU.Build.0 = Release|Any CPU
	EndGlobalSection
	GlobalSection(SolutionProperties) = preSolution
		HideSolutionNode = FALSE
	EndGlobalSection
	GlobalSection(NestedProjects) = preSolution
		{665EC6DA-483E-4DAA-B279-48415B5102B0} = {781949E0-BEBC-4075-8729-3AF2DD029EB5}
		{C22EDB8A-3E2A-4E87-BB41-4887C8B15C74} = {781949E0-BEBC-4075-8729-3AF2DD029EB5}
		{EC29FBC0-E56B-474F-9E40-FD66296C7CAE} = {80D58754-495B-4E53-93E2-0EEC0C37BA7C}
		{5B6B84F7-563A-46E3-BC3E-58F06CF3335F} = {45BCEA2A-3750-453C-BD82-AD467D3399BD}
		{9370906B-ECA1-47CD-B33A-3AF8897654D2} = {1BA2DD3D-A5AE-45B6-8EBF-909227022152}
	EndGlobalSection
	GlobalSection(ExtensibilityGlobals) = postSolution
		SolutionGuid = {DA297FAB-4671-45D4-A533-1C141C232EC0}
	EndGlobalSection
EndGlobal
